
Microsoft Visual Studio Solution File, Format Version 12.00
# Visual Studio 15
VisualStudioVersion = 15.0.28307.489
MinimumVisualStudioVersion = 10.0.40219.1
Project("{9A19103F-16F7-4668-BE54-9A1E7A4F7556}") = "RDHATEOAS", "RD-HATEOAS\RDHATEOAS.csproj", "{406AE21A-BFAF-475A-80AF-5F27B7778BA6}"
EndProject
Project("{9A19103F-16F7-4668-BE54-9A1E7A4F7556}") = "ExampleAPI", "ExampleAPI\ExampleAPI.csproj", "{766CA23C-FBAC-4729-916E-5925307E3A66}"
EndProject
Project("{9A19103F-16F7-4668-BE54-9A1E7A4F7556}") = "ExampleAPI.Tests", "ExampleAPI.Tests\ExampleAPI.Tests.csproj", "{951AC3EA-9B3C-4B8F-9107-326C051BFE2A}"
EndProject
Project("{9A19103F-16F7-4668-BE54-9A1E7A4F7556}") = "RDHATEOAS.Tests", "RDHATEOAS.Tests\RDHATEOAS.Tests.csproj", "{B2BCD01D-43F4-4B0B-8722-9452E90A040C}"
EndProject
Global
	GlobalSection(SolutionConfigurationPlatforms) = preSolution
		Debug|Any CPU = Debug|Any CPU
		Release|Any CPU = Release|Any CPU
	EndGlobalSection
	GlobalSection(ProjectConfigurationPlatforms) = postSolution
		{406AE21A-BFAF-475A-80AF-5F27B7778BA6}.Debug|Any CPU.ActiveCfg = Debug|Any CPU
		{406AE21A-BFAF-475A-80AF-5F27B7778BA6}.Debug|Any CPU.Build.0 = Debug|Any CPU
		{406AE21A-BFAF-475A-80AF-5F27B7778BA6}.Release|Any CPU.ActiveCfg = Release|Any CPU
		{406AE21A-BFAF-475A-80AF-5F27B7778BA6}.Release|Any CPU.Build.0 = Release|Any CPU
		{766CA23C-FBAC-4729-916E-5925307E3A66}.Debug|Any CPU.ActiveCfg = Debug|Any CPU
		{766CA23C-FBAC-4729-916E-5925307E3A66}.Debug|Any CPU.Build.0 = Debug|Any CPU
		{766CA23C-FBAC-4729-916E-5925307E3A66}.Release|Any CPU.ActiveCfg = Release|Any CPU
		{766CA23C-FBAC-4729-916E-5925307E3A66}.Release|Any CPU.Build.0 = Release|Any CPU
		{951AC3EA-9B3C-4B8F-9107-326C051BFE2A}.Debug|Any CPU.ActiveCfg = Debug|Any CPU
		{951AC3EA-9B3C-4B8F-9107-326C051BFE2A}.Debug|Any CPU.Build.0 = Debug|Any CPU
		{951AC3EA-9B3C-4B8F-9107-326C051BFE2A}.Release|Any CPU.ActiveCfg = Release|Any CPU
		{951AC3EA-9B3C-4B8F-9107-326C051BFE2A}.Release|Any CPU.Build.0 = Release|Any CPU
		{B2BCD01D-43F4-4B0B-8722-9452E90A040C}.Debug|Any CPU.ActiveCfg = Debug|Any CPU
		{B2BCD01D-43F4-4B0B-8722-9452E90A040C}.Debug|Any CPU.Build.0 = Debug|Any CPU
		{B2BCD01D-43F4-4B0B-8722-9452E90A040C}.Release|Any CPU.ActiveCfg = Release|Any CPU
		{B2BCD01D-43F4-4B0B-8722-9452E90A040C}.Release|Any CPU.Build.0 = Release|Any CPU
	EndGlobalSection
	GlobalSection(SolutionProperties) = preSolution
		HideSolutionNode = FALSE
	EndGlobalSection
	GlobalSection(ExtensibilityGlobals) = postSolution
		SolutionGuid = {39718603-A1F3-4576-BA97-A4EFDBC35D08}
	EndGlobalSection
EndGlobal
